// !$*UTF8*$!
{
	archiveVersion = 1;
	classes = {
	};
	objectVersion = 48;
	objects = {

/* Begin PBXBuildFile section */
		8CC55F9420845A5F009F0CB6 /* main_product_grade.cpp in Sources */ = {isa = PBXBuildFile; fileRef = 8CC55F9320845A5F009F0CB6 /* main_product_grade.cpp */; };
		8CC55F9D20845C44009F0CB6 /* objectness.cpp in Sources */ = {isa = PBXBuildFile; fileRef = 8CC55F9B20845C44009F0CB6 /* objectness.cpp */; };
/* End PBXBuildFile section */

/* Begin PBXCopyFilesBuildPhase section */
		8CC55F8E20845A5F009F0CB6 /* CopyFiles */ = {
			isa = PBXCopyFilesBuildPhase;
			buildActionMask = 2147483647;
			dstPath = /usr/share/man/man1/;
			dstSubfolderSpec = 0;
			files = (
			);
			runOnlyForDeploymentPostprocessing = 1;
		};
/* End PBXCopyFilesBuildPhase section */

/* Begin PBXFileReference section */
		8CC55F9020845A5F009F0CB6 /* ProductGrade */ = {isa = PBXFileReference; explicitFileType = "compiled.mach-o.executable"; includeInIndex = 0; path = ProductGrade; sourceTree = BUILT_PRODUCTS_DIR; };
		8CC55F9320845A5F009F0CB6 /* main_product_grade.cpp */ = {isa = PBXFileReference; lastKnownFileType = sourcecode.cpp.cpp; path = main_product_grade.cpp; sourceTree = "<group>"; };
		8CC55F9A20845C0B009F0CB6 /* data.hpp */ = {isa = PBXFileReference; lastKnownFileType = sourcecode.cpp.h; path = data.hpp; sourceTree = "<group>"; };
		8CC55F9B20845C44009F0CB6 /* objectness.cpp */ = {isa = PBXFileReference; lastKnownFileType = sourcecode.cpp.cpp; path = objectness.cpp; sourceTree = "<group>"; };
		8CC55F9C20845C44009F0CB6 /* objectness.hpp */ = {isa = PBXFileReference; lastKnownFileType = sourcecode.cpp.h; path = objectness.hpp; sourceTree = "<group>"; };
		8CC55F9E208588BE009F0CB6 /* configuration.hpp */ = {isa = PBXFileReference; lastKnownFileType = sourcecode.cpp.h; path = configuration.hpp; sourceTree = "<group>"; };
/* End PBXFileReference section */

/* Begin PBXFrameworksBuildPhase section */
		8CC55F8D20845A5F009F0CB6 /* Frameworks */ = {
			isa = PBXFrameworksBuildPhase;
			buildActionMask = 2147483647;
			files = (
			);
			runOnlyForDeploymentPostprocessing = 0;
		};
/* End PBXFrameworksBuildPhase section */

/* Begin PBXGroup section */
		8CC55F8720845A5F009F0CB6 = {
			isa = PBXGroup;
			children = (
				8CC55F9220845A5F009F0CB6 /* ProductGrade */,
				8CC55F9120845A5F009F0CB6 /* Products */,
			);
			sourceTree = "<group>";
		};
		8CC55F9120845A5F009F0CB6 /* Products */ = {
			isa = PBXGroup;
			children = (
				8CC55F9020845A5F009F0CB6 /* ProductGrade */,
			);
			name = Products;
			sourceTree = "<group>";
		};
		8CC55F9220845A5F009F0CB6 /* ProductGrade */ = {
			isa = PBXGroup;
			children = (
				8CC55F9320845A5F009F0CB6 /* main_product_grade.cpp */,
				8CC55F9A20845C0B009F0CB6 /* data.hpp */,
				8CC55F9B20845C44009F0CB6 /* objectness.cpp */,
				8CC55F9C20845C44009F0CB6 /* objectness.hpp */,
				8CC55F9E208588BE009F0CB6 /* configuration.hpp */,
			);
			path = ProductGrade;
			sourceTree = "<group>";
		};
/* End PBXGroup section */

/* Begin PBXNativeTarget section */
		8CC55F8F20845A5F009F0CB6 /* ProductGrade */ = {
			isa = PBXNativeTarget;
			buildConfigurationList = 8CC55F9720845A5F009F0CB6 /* Build configuration list for PBXNativeTarget "ProductGrade" */;
			buildPhases = (
				8CC55F8C20845A5F009F0CB6 /* Sources */,
				8CC55F8D20845A5F009F0CB6 /* Frameworks */,
				8CC55F8E20845A5F009F0CB6 /* CopyFiles */,
			);
			buildRules = (
			);
			dependencies = (
			);
			name = ProductGrade;
			productName = ProductGrade;
			productReference = 8CC55F9020845A5F009F0CB6 /* ProductGrade */;
			productType = "com.apple.product-type.tool";
		};
/* End PBXNativeTarget section */

/* Begin PBXProject section */
		8CC55F8820845A5F009F0CB6 /* Project object */ = {
			isa = PBXProject;
			attributes = {
				LastUpgradeCheck = 0920;
				ORGANIZATIONNAME = "Joseph lefebvre";
				TargetAttributes = {
					8CC55F8F20845A5F009F0CB6 = {
						CreatedOnToolsVersion = 9.2;
						ProvisioningStyle = Automatic;
					};
				};
			};
			buildConfigurationList = 8CC55F8B20845A5F009F0CB6 /* Build configuration list for PBXProject "ProductGrade" */;
			compatibilityVersion = "Xcode 8.0";
			developmentRegion = en;
			hasScannedForEncodings = 0;
			knownRegions = (
				en,
			);
			mainGroup = 8CC55F8720845A5F009F0CB6;
			productRefGroup = 8CC55F9120845A5F009F0CB6 /* Products */;
			projectDirPath = "";
			projectRoot = "";
			targets = (
				8CC55F8F20845A5F009F0CB6 /* ProductGrade */,
			);
		};
/* End PBXProject section */

/* Begin PBXSourcesBuildPhase section */
		8CC55F8C20845A5F009F0CB6 /* Sources */ = {
			isa = PBXSourcesBuildPhase;
			buildActionMask = 2147483647;
			files = (
				8CC55F9420845A5F009F0CB6 /* main_product_grade.cpp in Sources */,
				8CC55F9D20845C44009F0CB6 /* objectness.cpp in Sources */,
			);
			runOnlyForDeploymentPostprocessing = 0;
		};
/* End PBXSourcesBuildPhase section */

/* Begin XCBuildConfiguration section */
		8CC55F9520845A5F009F0CB6 /* Debug */ = {
			isa = XCBuildConfiguration;
			buildSettings = {
				ALWAYS_SEARCH_USER_PATHS = NO;
				CLANG_ANALYZER_NONNULL = YES;
				CLANG_ANALYZER_NUMBER_OBJECT_CONVERSION = YES_AGGRESSIVE;
				CLANG_CXX_LANGUAGE_STANDARD = "gnu++14";
				CLANG_CXX_LIBRARY = "libc++";
				CLANG_ENABLE_MODULES = YES;
				CLANG_ENABLE_OBJC_ARC = YES;
				CLANG_WARN_BLOCK_CAPTURE_AUTORELEASING = YES;
				CLANG_WARN_BOOL_CONVERSION = YES;
				CLANG_WARN_COMMA = YES;
				CLANG_WARN_CONSTANT_CONVERSION = YES;
				CLANG_WARN_DIRECT_OBJC_ISA_USAGE = YES_ERROR;
				CLANG_WARN_DOCUMENTATION_COMMENTS = YES;
				CLANG_WARN_EMPTY_BODY = YES;
				CLANG_WARN_ENUM_CONVERSION = YES;
				CLANG_WARN_INFINITE_RECURSION = YES;
				CLANG_WARN_INT_CONVERSION = YES;
				CLANG_WARN_NON_LITERAL_NULL_CONVERSION = YES;
				CLANG_WARN_OBJC_LITERAL_CONVERSION = YES;
				CLANG_WARN_OBJC_ROOT_CLASS = YES_ERROR;
				CLANG_WARN_RANGE_LOOP_ANALYSIS = YES;
				CLANG_WARN_STRICT_PROTOTYPES = YES;
				CLANG_WARN_SUSPICIOUS_MOVE = YES;
				CLANG_WARN_UNGUARDED_AVAILABILITY = YES_AGGRESSIVE;
				CLANG_WARN_UNREACHABLE_CODE = YES;
				CLANG_WARN__DUPLICATE_METHOD_MATCH = YES;
				CODE_SIGN_IDENTITY = "-";
				COPY_PHASE_STRIP = NO;
				DEBUG_INFORMATION_FORMAT = dwarf;
				ENABLE_STRICT_OBJC_MSGSEND = YES;
				ENABLE_TESTABILITY = YES;
				GCC_C_LANGUAGE_STANDARD = gnu11;
				GCC_DYNAMIC_NO_PIC = NO;
				GCC_NO_COMMON_BLOCKS = YES;
				GCC_OPTIMIZATION_LEVEL = 0;
				GCC_PREPROCESSOR_DEFINITIONS = (
					"DEBUG=1",
					"$(inherited)",
				);
				GCC_WARN_64_TO_32_BIT_CONVERSION = YES;
				GCC_WARN_ABOUT_RETURN_TYPE = YES_ERROR;
				GCC_WARN_UNDECLARED_SELECTOR = YES;
				GCC_WARN_UNINITIALIZED_AUTOS = YES_AGGRESSIVE;
				GCC_WARN_UNUSED_FUNCTION = YES;
				GCC_WARN_UNUSED_VARIABLE = YES;
				MACOSX_DEPLOYMENT_TARGET = 10.13;
				MTL_ENABLE_DEBUG_INFO = YES;
				ONLY_ACTIVE_ARCH = YES;
				SDKROOT = macosx;
			};
			name = Debug;
		};
		8CC55F9620845A5F009F0CB6 /* Release */ = {
			isa = XCBuildConfiguration;
			buildSettings = {
				ALWAYS_SEARCH_USER_PATHS = NO;
				CLANG_ANALYZER_NONNULL = YES;
				CLANG_ANALYZER_NUMBER_OBJECT_CONVERSION = YES_AGGRESSIVE;
				CLANG_CXX_LANGUAGE_STANDARD = "gnu++14";
				CLANG_CXX_LIBRARY = "libc++";
				CLANG_ENABLE_MODULES = YES;
				CLANG_ENABLE_OBJC_ARC = YES;
				CLANG_WARN_BLOCK_CAPTURE_AUTORELEASING = YES;
				CLANG_WARN_BOOL_CONVERSION = YES;
				CLANG_WARN_COMMA = YES;
				CLANG_WARN_CONSTANT_CONVERSION = YES;
				CLANG_WARN_DIRECT_OBJC_ISA_USAGE = YES_ERROR;
				CLANG_WARN_DOCUMENTATION_COMMENTS = YES;
				CLANG_WARN_EMPTY_BODY = YES;
				CLANG_WARN_ENUM_CONVERSION = YES;
				CLANG_WARN_INFINITE_RECURSION = YES;
				CLANG_WARN_INT_CONVERSION = YES;
				CLANG_WARN_NON_LITERAL_NULL_CONVERSION = YES;
				CLANG_WARN_OBJC_LITERAL_CONVERSION = YES;
				CLANG_WARN_OBJC_ROOT_CLASS = YES_ERROR;
				CLANG_WARN_RANGE_LOOP_ANALYSIS = YES;
				CLANG_WARN_STRICT_PROTOTYPES = YES;
				CLANG_WARN_SUSPICIOUS_MOVE = YES;
				CLANG_WARN_UNGUARDED_AVAILABILITY = YES_AGGRESSIVE;
				CLANG_WARN_UNREACHABLE_CODE = YES;
				CLANG_WARN__DUPLICATE_METHOD_MATCH = YES;
				CODE_SIGN_IDENTITY = "-";
				COPY_PHASE_STRIP = NO;
				DEBUG_INFORMATION_FORMAT = "dwarf-with-dsym";
				ENABLE_NS_ASSERTIONS = NO;
				ENABLE_STRICT_OBJC_MSGSEND = YES;
				GCC_C_LANGUAGE_STANDARD = gnu11;
				GCC_NO_COMMON_BLOCKS = YES;
				GCC_WARN_64_TO_32_BIT_CONVERSION = YES;
				GCC_WARN_ABOUT_RETURN_TYPE = YES_ERROR;
				GCC_WARN_UNDECLARED_SELECTOR = YES;
				GCC_WARN_UNINITIALIZED_AUTOS = YES_AGGRESSIVE;
				GCC_WARN_UNUSED_FUNCTION = YES;
				GCC_WARN_UNUSED_VARIABLE = YES;
				MACOSX_DEPLOYMENT_TARGET = 10.13;
				MTL_ENABLE_DEBUG_INFO = NO;
				SDKROOT = macosx;
			};
			name = Release;
		};
		8CC55F9820845A5F009F0CB6 /* Debug */ = {
			isa = XCBuildConfiguration;
			buildSettings = {
				CLANG_WARN_DOCUMENTATION_COMMENTS = NO;
				CODE_SIGN_STYLE = Automatic;
				HEADER_SEARCH_PATHS = "/usr/local/cellar/opencv/3.4.1_2/include/**";
				LIBRARY_SEARCH_PATHS = "/usr/local/cellar/opencv/3.4.1_2/lib/**";
				OTHER_LDFLAGS = (
					"-lopencv_stitching",
					"-lopencv_superres",
					"-lopencv_videostab",
					"-lopencv_aruco",
					"-lopencv_bgsegm",
					"-lopencv_bioinspired",
					"-lopencv_ccalib",
					"-lopencv_dnn_objdetect",
					"-lopencv_dpm",
					"-lopencv_face",
					"-lopencv_photo",
					"-lopencv_fuzzy",
					"-lopencv_hfs",
					"-lopencv_img_hash",
					"-lopencv_line_descriptor",
					"-lopencv_optflow",
					"-lopencv_reg",
					"-lopencv_rgbd",
					"-lopencv_saliency",
					"-lopencv_stereo",
					"-lopencv_structured_light",
					"-lopencv_phase_unwrapping",
					"-lopencv_surface_matching",
					"-lopencv_tracking",
					"-lopencv_datasets",
					"-lopencv_text",
					"-lopencv_dnn",
					"-lopencv_plot",
					"-lopencv_xfeatures2d",
					"-lopencv_shape",
					"-lopencv_video",
					"-lopencv_ml",
					"-lopencv_ximgproc",
					"-lopencv_calib3d",
					"-lopencv_features2d",
					"-lopencv_highgui",
					"-lopencv_videoio",
					"-lopencv_flann",
					"-lopencv_xobjdetect",
					"-lopencv_imgcodecs",
					"-lopencv_objdetect",
					"-lopencv_xphoto",
					"-lopencv_imgproc",
					"-lopencv_core",
				);
				PRODUCT_NAME = "$(TARGET_NAME)";
			};
			name = Debug;
		};
		8CC55F9920845A5F009F0CB6 /* Release */ = {
			isa = XCBuildConfiguration;
			buildSettings = {
				CLANG_WARN_DOCUMENTATION_COMMENTS = NO;
				CODE_SIGN_STYLE = Automatic;
				HEADER_SEARCH_PATHS = "/usr/local/cellar/opencv/3.4.1_2/include/**";
				LIBRARY_SEARCH_PATHS = "/usr/local/cellar/opencv/3.4.1_2/lib/**";
				OTHER_LDFLAGS = (
					"-lopencv_stitching",
					"-lopencv_superres",
					"-lopencv_videostab",
					"-lopencv_aruco",
					"-lopencv_bgsegm",
					"-lopencv_bioinspired",
					"-lopencv_ccalib",
					"-lopencv_dnn_objdetect",
					"-lopencv_dpm",
					"-lopencv_face",
					"-lopencv_photo",
					"-lopencv_fuzzy",
					"-lopencv_hfs",
					"-lopencv_img_hash",
					"-lopencv_line_descriptor",
					"-lopencv_optflow",
					"-lopencv_reg",
					"-lopencv_rgbd",
					"-lopencv_saliency",
					"-lopencv_stereo",
					"-lopencv_structured_light",
					"-lopencv_phase_unwrapping",
					"-lopencv_surface_matching",
					"-lopencv_tracking",
					"-lopencv_datasets",
					"-lopencv_text",
					"-lopencv_dnn",
					"-lopencv_plot",
					"-lopencv_xfeatures2d",
					"-lopencv_shape",
					"-lopencv_video",
					"-lopencv_ml",
					"-lopencv_ximgproc",
					"-lopencv_calib3d",
					"-lopencv_features2d",
					"-lopencv_highgui",
					"-lopencv_videoio",
					"-lopencv_flann",
					"-lopencv_xobjdetect",
					"-lopencv_imgcodecs",
					"-lopencv_objdetect",
					"-lopencv_xphoto",
					"-lopencv_imgproc",
					"-lopencv_core",
				);
				PRODUCT_NAME = "$(TARGET_NAME)";
			};
			name = Release;
		};
/* End XCBuildConfiguration section */

/* Begin XCConfigurationList section */
		8CC55F8B20845A5F009F0CB6 /* Build configuration list for PBXProject "ProductGrade" */ = {
			isa = XCConfigurationList;
			buildConfigurations = (
				8CC55F9520845A5F009F0CB6 /* Debug */,
				8CC55F9620845A5F009F0CB6 /* Release */,
			);
			defaultConfigurationIsVisible = 0;
			defaultConfigurationName = Release;
		};
		8CC55F9720845A5F009F0CB6 /* Build configuration list for PBXNativeTarget "ProductGrade" */ = {
			isa = XCConfigurationList;
			buildConfigurations = (
				8CC55F9820845A5F009F0CB6 /* Debug */,
				8CC55F9920845A5F009F0CB6 /* Release */,
			);
			defaultConfigurationIsVisible = 0;
			defaultConfigurationName = Release;
		};
/* End XCConfigurationList section */
	};
	rootObject = 8CC55F8820845A5F009F0CB6 /* Project object */;
}
